// !$*UTF8*$!
{
	archiveVersion = 1;
	classes = {
	};
	objectVersion = 56;
	objects = {

/* Begin PBXBuildFile section */
		D20012AA2B294CA2008802EC /* LandmarksApp.swift in Sources */ = {isa = PBXBuildFile; fileRef = D20012A92B294CA2008802EC /* LandmarksApp.swift */; };
		D20012AE2B294CA3008802EC /* Assets.xcassets in Resources */ = {isa = PBXBuildFile; fileRef = D20012AD2B294CA3008802EC /* Assets.xcassets */; };
		D20012B12B294CA3008802EC /* Preview Assets.xcassets in Resources */ = {isa = PBXBuildFile; fileRef = D20012B02B294CA3008802EC /* Preview Assets.xcassets */; };
		D22B218D2B2E8512001ADE68 /* hikeData.json in Resources */ = {isa = PBXBuildFile; fileRef = D22B218C2B2E8512001ADE68 /* hikeData.json */; };
		D22B218F2B2E8534001ADE68 /* Hike.swift in Sources */ = {isa = PBXBuildFile; fileRef = D22B218E2B2E8534001ADE68 /* Hike.swift */; };
		D22B21952B2E86FF001ADE68 /* GraphCapsule.swift in Sources */ = {isa = PBXBuildFile; fileRef = D22B21912B2E86FF001ADE68 /* GraphCapsule.swift */; };
		D22B21962B2E86FF001ADE68 /* HikeGraph.swift in Sources */ = {isa = PBXBuildFile; fileRef = D22B21922B2E86FF001ADE68 /* HikeGraph.swift */; };
		D22B21972B2E86FF001ADE68 /* HikeDetail.swift in Sources */ = {isa = PBXBuildFile; fileRef = D22B21932B2E86FF001ADE68 /* HikeDetail.swift */; };
		D22B21982B2E86FF001ADE68 /* HikeView.swift in Sources */ = {isa = PBXBuildFile; fileRef = D22B21942B2E86FF001ADE68 /* HikeView.swift */; };
		D25517952B2D4C7100FB3B59 /* LandmarkList.swift in Sources */ = {isa = PBXBuildFile; fileRef = D255178D2B2D4C7100FB3B59 /* LandmarkList.swift */; };
		D25517962B2D4C7100FB3B59 /* LandmarkDetail.swift in Sources */ = {isa = PBXBuildFile; fileRef = D255178E2B2D4C7100FB3B59 /* LandmarkDetail.swift */; };
		D25517972B2D4C7100FB3B59 /* LandmarkRow.swift in Sources */ = {isa = PBXBuildFile; fileRef = D255178F2B2D4C7100FB3B59 /* LandmarkRow.swift */; };
		D25517982B2D4C7100FB3B59 /* MapView.swift in Sources */ = {isa = PBXBuildFile; fileRef = D25517912B2D4C7100FB3B59 /* MapView.swift */; };
		D25517992B2D4C7100FB3B59 /* CircleImage.swift in Sources */ = {isa = PBXBuildFile; fileRef = D25517922B2D4C7100FB3B59 /* CircleImage.swift */; };
		D255179A2B2D4C7100FB3B59 /* FavoriteButton.swift in Sources */ = {isa = PBXBuildFile; fileRef = D25517932B2D4C7100FB3B59 /* FavoriteButton.swift */; };
		D255179B2B2D4C7100FB3B59 /* ContentView.swift in Sources */ = {isa = PBXBuildFile; fileRef = D25517942B2D4C7100FB3B59 /* ContentView.swift */; };
		D295D7942B2FC222000C76D5 /* CategoryHome.swift in Sources */ = {isa = PBXBuildFile; fileRef = D295D7932B2FC222000C76D5 /* CategoryHome.swift */; };
		D295D7962B2FC942000C76D5 /* CategoryRow.swift in Sources */ = {isa = PBXBuildFile; fileRef = D295D7952B2FC942000C76D5 /* CategoryRow.swift */; };
		D295D7982B2FCBFB000C76D5 /* CategoryItem.swift in Sources */ = {isa = PBXBuildFile; fileRef = D295D7972B2FCBFB000C76D5 /* CategoryItem.swift */; };
		D2AD89B52B2C031E00BEEC99 /* landmarkData.json in Resources */ = {isa = PBXBuildFile; fileRef = D2AD89B42B2C031E00BEEC99 /* landmarkData.json */; };
		D2AD89B72B2C033B00BEEC99 /* Landmark.swift in Sources */ = {isa = PBXBuildFile; fileRef = D2AD89B62B2C033B00BEEC99 /* Landmark.swift */; };
		D2AD89B92B2C060600BEEC99 /* ModelData.swift in Sources */ = {isa = PBXBuildFile; fileRef = D2AD89B82B2C060600BEEC99 /* ModelData.swift */; };
/* End PBXBuildFile section */

/* Begin PBXFileReference section */
		D20012A62B294CA2008802EC /* Landmarks.app */ = {isa = PBXFileReference; explicitFileType = wrapper.application; includeInIndex = 0; path = Landmarks.app; sourceTree = BUILT_PRODUCTS_DIR; };
		D20012A92B294CA2008802EC /* LandmarksApp.swift */ = {isa = PBXFileReference; lastKnownFileType = sourcecode.swift; path = LandmarksApp.swift; sourceTree = "<group>"; };
		D20012AD2B294CA3008802EC /* Assets.xcassets */ = {isa = PBXFileReference; lastKnownFileType = folder.assetcatalog; path = Assets.xcassets; sourceTree = "<group>"; };
		D20012B02B294CA3008802EC /* Preview Assets.xcassets */ = {isa = PBXFileReference; lastKnownFileType = folder.assetcatalog; path = "Preview Assets.xcassets"; sourceTree = "<group>"; };
		D22B218C2B2E8512001ADE68 /* hikeData.json */ = {isa = PBXFileReference; fileEncoding = 4; lastKnownFileType = text.json; path = hikeData.json; sourceTree = "<group>"; };
		D22B218E2B2E8534001ADE68 /* Hike.swift */ = {isa = PBXFileReference; lastKnownFileType = sourcecode.swift; name = Hike.swift; path = Landmarks/Hike.swift; sourceTree = SOURCE_ROOT; };
		D22B21912B2E86FF001ADE68 /* GraphCapsule.swift */ = {isa = PBXFileReference; fileEncoding = 4; lastKnownFileType = sourcecode.swift; path = GraphCapsule.swift; sourceTree = "<group>"; };
		D22B21922B2E86FF001ADE68 /* HikeGraph.swift */ = {isa = PBXFileReference; fileEncoding = 4; lastKnownFileType = sourcecode.swift; path = HikeGraph.swift; sourceTree = "<group>"; };
		D22B21932B2E86FF001ADE68 /* HikeDetail.swift */ = {isa = PBXFileReference; fileEncoding = 4; lastKnownFileType = sourcecode.swift; path = HikeDetail.swift; sourceTree = "<group>"; };
		D22B21942B2E86FF001ADE68 /* HikeView.swift */ = {isa = PBXFileReference; fileEncoding = 4; lastKnownFileType = sourcecode.swift; path = HikeView.swift; sourceTree = "<group>"; };
		D255178D2B2D4C7100FB3B59 /* LandmarkList.swift */ = {isa = PBXFileReference; fileEncoding = 4; lastKnownFileType = sourcecode.swift; path = LandmarkList.swift; sourceTree = "<group>"; };
		D255178E2B2D4C7100FB3B59 /* LandmarkDetail.swift */ = {isa = PBXFileReference; fileEncoding = 4; lastKnownFileType = sourcecode.swift; path = LandmarkDetail.swift; sourceTree = "<group>"; };
		D255178F2B2D4C7100FB3B59 /* LandmarkRow.swift */ = {isa = PBXFileReference; fileEncoding = 4; lastKnownFileType = sourcecode.swift; path = LandmarkRow.swift; sourceTree = "<group>"; };
		D25517912B2D4C7100FB3B59 /* MapView.swift */ = {isa = PBXFileReference; fileEncoding = 4; lastKnownFileType = sourcecode.swift; path = MapView.swift; sourceTree = "<group>"; };
		D25517922B2D4C7100FB3B59 /* CircleImage.swift */ = {isa = PBXFileReference; fileEncoding = 4; lastKnownFileType = sourcecode.swift; path = CircleImage.swift; sourceTree = "<group>"; };
		D25517932B2D4C7100FB3B59 /* FavoriteButton.swift */ = {isa = PBXFileReference; fileEncoding = 4; lastKnownFileType = sourcecode.swift; path = FavoriteButton.swift; sourceTree = "<group>"; };
		D25517942B2D4C7100FB3B59 /* ContentView.swift */ = {isa = PBXFileReference; fileEncoding = 4; lastKnownFileType = sourcecode.swift; path = ContentView.swift; sourceTree = "<group>"; };
		D295D7932B2FC222000C76D5 /* CategoryHome.swift */ = {isa = PBXFileReference; lastKnownFileType = sourcecode.swift; path = CategoryHome.swift; sourceTree = "<group>"; };
		D295D7952B2FC942000C76D5 /* CategoryRow.swift */ = {isa = PBXFileReference; lastKnownFileType = sourcecode.swift; path = CategoryRow.swift; sourceTree = "<group>"; };
		D295D7972B2FCBFB000C76D5 /* CategoryItem.swift */ = {isa = PBXFileReference; lastKnownFileType = sourcecode.swift; path = CategoryItem.swift; sourceTree = "<group>"; };
		D2AD89B42B2C031E00BEEC99 /* landmarkData.json */ = {isa = PBXFileReference; fileEncoding = 4; lastKnownFileType = text.json; path = landmarkData.json; sourceTree = "<group>"; };
		D2AD89B62B2C033B00BEEC99 /* Landmark.swift */ = {isa = PBXFileReference; lastKnownFileType = sourcecode.swift; path = Landmark.swift; sourceTree = "<group>"; };
		D2AD89B82B2C060600BEEC99 /* ModelData.swift */ = {isa = PBXFileReference; lastKnownFileType = sourcecode.swift; path = ModelData.swift; sourceTree = "<group>"; };
/* End PBXFileReference section */

/* Begin PBXFrameworksBuildPhase section */
		D20012A32B294CA2008802EC /* Frameworks */ = {
			isa = PBXFrameworksBuildPhase;
			buildActionMask = 2147483647;
			files = (
			);
			runOnlyForDeploymentPostprocessing = 0;
		};
/* End PBXFrameworksBuildPhase section */

/* Begin PBXGroup section */
		D200129D2B294CA2008802EC = {
			isa = PBXGroup;
			children = (
				D20012A82B294CA2008802EC /* Landmarks */,
				D20012A72B294CA2008802EC /* Products */,
			);
			sourceTree = "<group>";
		};
		D20012A72B294CA2008802EC /* Products */ = {
			isa = PBXGroup;
			children = (
				D20012A62B294CA2008802EC /* Landmarks.app */,
			);
			name = Products;
			sourceTree = "<group>";
		};
		D20012A82B294CA2008802EC /* Landmarks */ = {
			isa = PBXGroup;
			children = (
				D20012A92B294CA2008802EC /* LandmarksApp.swift */,
				D255178B2B2D4C7100FB3B59 /* Views */,
				D2AD89BB2B2C08F000BEEC99 /* Model */,
				D2AD89BC2B2C08FE00BEEC99 /* Resources */,
				D20012AD2B294CA3008802EC /* Assets.xcassets */,
				D20012AF2B294CA3008802EC /* Preview Content */,
			);
			path = Landmarks;
			sourceTree = "<group>";
		};
		D20012AF2B294CA3008802EC /* Preview Content */ = {
			isa = PBXGroup;
			children = (
				D20012B02B294CA3008802EC /* Preview Assets.xcassets */,
			);
			path = "Preview Content";
			sourceTree = "<group>";
		};
		D22B21902B2E86FF001ADE68 /* Hikes */ = {
			isa = PBXGroup;
			children = (
				D22B21912B2E86FF001ADE68 /* GraphCapsule.swift */,
				D22B21922B2E86FF001ADE68 /* HikeGraph.swift */,
				D22B21932B2E86FF001ADE68 /* HikeDetail.swift */,
				D22B21942B2E86FF001ADE68 /* HikeView.swift */,
			);
			path = Hikes;
			sourceTree = "<group>";
		};
		D255178B2B2D4C7100FB3B59 /* Views */ = {
			isa = PBXGroup;
			children = (
				D295D7922B2FC216000C76D5 /* Categories */,
				D22B21902B2E86FF001ADE68 /* Hikes */,
				D255178C2B2D4C7100FB3B59 /* Landmarks */,
				D25517902B2D4C7100FB3B59 /* Helper */,
				D25517942B2D4C7100FB3B59 /* ContentView.swift */,
			);
			path = Views;
			sourceTree = "<group>";
		};
		D255178C2B2D4C7100FB3B59 /* Landmarks */ = {
			isa = PBXGroup;
			children = (
				D255178D2B2D4C7100FB3B59 /* LandmarkList.swift */,
				D255178E2B2D4C7100FB3B59 /* LandmarkDetail.swift */,
				D255178F2B2D4C7100FB3B59 /* LandmarkRow.swift */,
			);
			path = Landmarks;
			sourceTree = "<group>";
		};
		D25517902B2D4C7100FB3B59 /* Helper */ = {
			isa = PBXGroup;
			children = (
				D25517912B2D4C7100FB3B59 /* MapView.swift */,
				D25517922B2D4C7100FB3B59 /* CircleImage.swift */,
				D25517932B2D4C7100FB3B59 /* FavoriteButton.swift */,
			);
			path = Helper;
			sourceTree = "<group>";
		};
		D295D7922B2FC216000C76D5 /* Categories */ = {
			isa = PBXGroup;
			children = (
				D295D7932B2FC222000C76D5 /* CategoryHome.swift */,
				D295D7952B2FC942000C76D5 /* CategoryRow.swift */,
				D295D7972B2FCBFB000C76D5 /* CategoryItem.swift */,
			);
			path = Categories;
			sourceTree = "<group>";
		};
		D2AD89BB2B2C08F000BEEC99 /* Model */ = {
			isa = PBXGroup;
			children = (
				D22B218E2B2E8534001ADE68 /* Hike.swift */,
				D2AD89B62B2C033B00BEEC99 /* Landmark.swift */,
				D2AD89B82B2C060600BEEC99 /* ModelData.swift */,
			);
			path = Model;
			sourceTree = "<group>";
		};
		D2AD89BC2B2C08FE00BEEC99 /* Resources */ = {
			isa = PBXGroup;
			children = (
				D22B218C2B2E8512001ADE68 /* hikeData.json */,
				D2AD89B42B2C031E00BEEC99 /* landmarkData.json */,
			);
			path = Resources;
			sourceTree = "<group>";
		};
/* End PBXGroup section */

/* Begin PBXNativeTarget section */
		D20012A52B294CA2008802EC /* Landmarks */ = {
			isa = PBXNativeTarget;
			buildConfigurationList = D20012B42B294CA3008802EC /* Build configuration list for PBXNativeTarget "Landmarks" */;
			buildPhases = (
				D20012A22B294CA2008802EC /* Sources */,
				D20012A32B294CA2008802EC /* Frameworks */,
				D20012A42B294CA2008802EC /* Resources */,
			);
			buildRules = (
			);
			dependencies = (
			);
			name = Landmarks;
			productName = Landmarks;
			productReference = D20012A62B294CA2008802EC /* Landmarks.app */;
			productType = "com.apple.product-type.application";
		};
/* End PBXNativeTarget section */

/* Begin PBXProject section */
		D200129E2B294CA2008802EC /* Project object */ = {
			isa = PBXProject;
			attributes = {
				BuildIndependentTargetsInParallel = 1;
				LastSwiftUpdateCheck = 1500;
				LastUpgradeCheck = 1500;
				TargetAttributes = {
					D20012A52B294CA2008802EC = {
						CreatedOnToolsVersion = 15.0;
					};
				};
			};
			buildConfigurationList = D20012A12B294CA2008802EC /* Build configuration list for PBXProject "Landmarks" */;
			compatibilityVersion = "Xcode 14.0";
			developmentRegion = en;
			hasScannedForEncodings = 0;
			knownRegions = (
				en,
				Base,
			);
			mainGroup = D200129D2B294CA2008802EC;
			productRefGroup = D20012A72B294CA2008802EC /* Products */;
			projectDirPath = "";
			projectRoot = "";
			targets = (
				D20012A52B294CA2008802EC /* Landmarks */,
			);
		};
/* End PBXProject section */

/* Begin PBXResourcesBuildPhase section */
		D20012A42B294CA2008802EC /* Resources */ = {
			isa = PBXResourcesBuildPhase;
			buildActionMask = 2147483647;
			files = (
				D22B218D2B2E8512001ADE68 /* hikeData.json in Resources */,
				D20012B12B294CA3008802EC /* Preview Assets.xcassets in Resources */,
				D20012AE2B294CA3008802EC /* Assets.xcassets in Resources */,
				D2AD89B52B2C031E00BEEC99 /* landmarkData.json in Resources */,
			);
			runOnlyForDeploymentPostprocessing = 0;
		};
/* End PBXResourcesBuildPhase section */

/* Begin PBXSourcesBuildPhase section */
		D20012A22B294CA2008802EC /* Sources */ = {
			isa = PBXSourcesBuildPhase;
			buildActionMask = 2147483647;
			files = (
				D25517982B2D4C7100FB3B59 /* MapView.swift in Sources */,
				D25517992B2D4C7100FB3B59 /* CircleImage.swift in Sources */,
				D20012AA2B294CA2008802EC /* LandmarksApp.swift in Sources */,
				D255179A2B2D4C7100FB3B59 /* FavoriteButton.swift in Sources */,
				D295D7982B2FCBFB000C76D5 /* CategoryItem.swift in Sources */,
				D295D7942B2FC222000C76D5 /* CategoryHome.swift in Sources */,
				D22B218F2B2E8534001ADE68 /* Hike.swift in Sources */,
				D2AD89B72B2C033B00BEEC99 /* Landmark.swift in Sources */,
				D25517972B2D4C7100FB3B59 /* LandmarkRow.swift in Sources */,
				D295D7962B2FC942000C76D5 /* CategoryRow.swift in Sources */,
				D255179B2B2D4C7100FB3B59 /* ContentView.swift in Sources */,
				D22B21962B2E86FF001ADE68 /* HikeGraph.swift in Sources */,
				D22B21952B2E86FF001ADE68 /* GraphCapsule.swift in Sources */,
				D2AD89B92B2C060600BEEC99 /* ModelData.swift in Sources */,
				D22B21972B2E86FF001ADE68 /* HikeDetail.swift in Sources */,
				D25517962B2D4C7100FB3B59 /* LandmarkDetail.swift in Sources */,
				D22B21982B2E86FF001ADE68 /* HikeView.swift in Sources */,
				D25517952B2D4C7100FB3B59 /* LandmarkList.swift in Sources */,
			);
			runOnlyForDeploymentPostprocessing = 0;
		};
/* End PBXSourcesBuildPhase section */

/* Begin XCBuildConfiguration section */
		D20012B22B294CA3008802EC /* Debug */ = {
			isa = XCBuildConfiguration;
			buildSettings = {
				ALWAYS_SEARCH_USER_PATHS = NO;
				ASSETCATALOG_COMPILER_GENERATE_SWIFT_ASSET_SYMBOL_EXTENSIONS = YES;
				CLANG_ANALYZER_NONNULL = YES;
				CLANG_ANALYZER_NUMBER_OBJECT_CONVERSION = YES_AGGRESSIVE;
				CLANG_CXX_LANGUAGE_STANDARD = "gnu++20";
				CLANG_ENABLE_MODULES = YES;
				CLANG_ENABLE_OBJC_ARC = YES;
				CLANG_ENABLE_OBJC_WEAK = YES;
				CLANG_WARN_BLOCK_CAPTURE_AUTORELEASING = YES;
				CLANG_WARN_BOOL_CONVERSION = YES;
				CLANG_WARN_COMMA = YES;
				CLANG_WARN_CONSTANT_CONVERSION = YES;
				CLANG_WARN_DEPRECATED_OBJC_IMPLEMENTATIONS = YES;
				CLANG_WARN_DIRECT_OBJC_ISA_USAGE = YES_ERROR;
				CLANG_WARN_DOCUMENTATION_COMMENTS = YES;
				CLANG_WARN_EMPTY_BODY = YES;
				CLANG_WARN_ENUM_CONVERSION = YES;
				CLANG_WARN_INFINITE_RECURSION = YES;
				CLANG_WARN_INT_CONVERSION = YES;
				CLANG_WARN_NON_LITERAL_NULL_CONVERSION = YES;
				CLANG_WARN_OBJC_IMPLICIT_RETAIN_SELF = YES;
				CLANG_WARN_OBJC_LITERAL_CONVERSION = YES;
				CLANG_WARN_OBJC_ROOT_CLASS = YES_ERROR;
				CLANG_WARN_QUOTED_INCLUDE_IN_FRAMEWORK_HEADER = YES;
				CLANG_WARN_RANGE_LOOP_ANALYSIS = YES;
				CLANG_WARN_STRICT_PROTOTYPES = YES;
				CLANG_WARN_SUSPICIOUS_MOVE = YES;
				CLANG_WARN_UNGUARDED_AVAILABILITY = YES_AGGRESSIVE;
				CLANG_WARN_UNREACHABLE_CODE = YES;
				CLANG_WARN__DUPLICATE_METHOD_MATCH = YES;
				COPY_PHASE_STRIP = NO;
				DEBUG_INFORMATION_FORMAT = dwarf;
				ENABLE_STRICT_OBJC_MSGSEND = YES;
				ENABLE_TESTABILITY = YES;
				ENABLE_USER_SCRIPT_SANDBOXING = YES;
				GCC_C_LANGUAGE_STANDARD = gnu17;
				GCC_DYNAMIC_NO_PIC = NO;
				GCC_NO_COMMON_BLOCKS = YES;
				GCC_OPTIMIZATION_LEVEL = 0;
				GCC_PREPROCESSOR_DEFINITIONS = (
					"DEBUG=1",
					"$(inherited)",
				);
				GCC_WARN_64_TO_32_BIT_CONVERSION = YES;
				GCC_WARN_ABOUT_RETURN_TYPE = YES_ERROR;
				GCC_WARN_UNDECLARED_SELECTOR = YES;
				GCC_WARN_UNINITIALIZED_AUTOS = YES_AGGRESSIVE;
				GCC_WARN_UNUSED_FUNCTION = YES;
				GCC_WARN_UNUSED_VARIABLE = YES;
				IPHONEOS_DEPLOYMENT_TARGET = 17.0;
				LOCALIZATION_PREFERS_STRING_CATALOGS = YES;
				MTL_ENABLE_DEBUG_INFO = INCLUDE_SOURCE;
				MTL_FAST_MATH = YES;
				ONLY_ACTIVE_ARCH = YES;
				SDKROOT = iphoneos;
				SWIFT_ACTIVE_COMPILATION_CONDITIONS = "DEBUG $(inherited)";
				SWIFT_OPTIMIZATION_LEVEL = "-Onone";
			};
			name = Debug;
		};
		D20012B32B294CA3008802EC /* Release */ = {
			isa = XCBuildConfiguration;
			buildSettings = {
				ALWAYS_SEARCH_USER_PATHS = NO;
				ASSETCATALOG_COMPILER_GENERATE_SWIFT_ASSET_SYMBOL_EXTENSIONS = YES;
				CLANG_ANALYZER_NONNULL = YES;
				CLANG_ANALYZER_NUMBER_OBJECT_CONVERSION = YES_AGGRESSIVE;
				CLANG_CXX_LANGUAGE_STANDARD = "gnu++20";
				CLANG_ENABLE_MODULES = YES;
				CLANG_ENABLE_OBJC_ARC = YES;
				CLANG_ENABLE_OBJC_WEAK = YES;
				CLANG_WARN_BLOCK_CAPTURE_AUTORELEASING = YES;
				CLANG_WARN_BOOL_CONVERSION = YES;
				CLANG_WARN_COMMA = YES;
				CLANG_WARN_CONSTANT_CONVERSION = YES;
				CLANG_WARN_DEPRECATED_OBJC_IMPLEMENTATIONS = YES;
				CLANG_WARN_DIRECT_OBJC_ISA_USAGE = YES_ERROR;
				CLANG_WARN_DOCUMENTATION_COMMENTS = YES;
				CLANG_WARN_EMPTY_BODY = YES;
				CLANG_WARN_ENUM_CONVERSION = YES;
				CLANG_WARN_INFINITE_RECURSION = YES;
				CLANG_WARN_INT_CONVERSION = YES;
				CLANG_WARN_NON_LITERAL_NULL_CONVERSION = YES;
				CLANG_WARN_OBJC_IMPLICIT_RETAIN_SELF = YES;
				CLANG_WARN_OBJC_LITERAL_CONVERSION = YES;
				CLANG_WARN_OBJC_ROOT_CLASS = YES_ERROR;
				CLANG_WARN_QUOTED_INCLUDE_IN_FRAMEWORK_HEADER = YES;
				CLANG_WARN_RANGE_LOOP_ANALYSIS = YES;
				CLANG_WARN_STRICT_PROTOTYPES = YES;
				CLANG_WARN_SUSPICIOUS_MOVE = YES;
				CLANG_WARN_UNGUARDED_AVAILABILITY = YES_AGGRESSIVE;
				CLANG_WARN_UNREACHABLE_CODE = YES;
				CLANG_WARN__DUPLICATE_METHOD_MATCH = YES;
				COPY_PHASE_STRIP = NO;
				DEBUG_INFORMATION_FORMAT = "dwarf-with-dsym";
				ENABLE_NS_ASSERTIONS = NO;
				ENABLE_STRICT_OBJC_MSGSEND = YES;
				ENABLE_USER_SCRIPT_SANDBOXING = YES;
				GCC_C_LANGUAGE_STANDARD = gnu17;
				GCC_NO_COMMON_BLOCKS = YES;
				GCC_WARN_64_TO_32_BIT_CONVERSION = YES;
				GCC_WARN_ABOUT_RETURN_TYPE = YES_ERROR;
				GCC_WARN_UNDECLARED_SELECTOR = YES;
				GCC_WARN_UNINITIALIZED_AUTOS = YES_AGGRESSIVE;
				GCC_WARN_UNUSED_FUNCTION = YES;
				GCC_WARN_UNUSED_VARIABLE = YES;
				IPHONEOS_DEPLOYMENT_TARGET = 17.0;
				LOCALIZATION_PREFERS_STRING_CATALOGS = YES;
				MTL_ENABLE_DEBUG_INFO = NO;
				MTL_FAST_MATH = YES;
				SDKROOT = iphoneos;
				SWIFT_COMPILATION_MODE = wholemodule;
				VALIDATE_PRODUCT = YES;
			};
			name = Release;
		};
		D20012B52B294CA3008802EC /* Debug */ = {
			isa = XCBuildConfiguration;
			buildSettings = {
				ASSETCATALOG_COMPILER_APPICON_NAME = AppIcon;
				ASSETCATALOG_COMPILER_GLOBAL_ACCENT_COLOR_NAME = AccentColor;
				CODE_SIGN_STYLE = Automatic;
				CURRENT_PROJECT_VERSION = 1;
				DEVELOPMENT_ASSET_PATHS = "\"Landmarks/Preview Content\"";
				DEVELOPMENT_TEAM = CMGV8D3FG3;
				ENABLE_PREVIEWS = YES;
				GENERATE_INFOPLIST_FILE = YES;
				INFOPLIST_KEY_UIApplicationSceneManifest_Generation = YES;
				INFOPLIST_KEY_UIApplicationSupportsIndirectInputEvents = YES;
				INFOPLIST_KEY_UILaunchScreen_Generation = YES;
				INFOPLIST_KEY_UISupportedInterfaceOrientations_iPad = "UIInterfaceOrientationPortrait UIInterfaceOrientationPortraitUpsideDown UIInterfaceOrientationLandscapeLeft UIInterfaceOrientationLandscapeRight";
				INFOPLIST_KEY_UISupportedInterfaceOrientations_iPhone = "UIInterfaceOrientationPortrait UIInterfaceOrientationLandscapeLeft UIInterfaceOrientationLandscapeRight";
				LD_RUNPATH_SEARCH_PATHS = (
					"$(inherited)",
					"@executable_path/Frameworks",
				);
				MARKETING_VERSION = 1.0;
				PRODUCT_BUNDLE_IDENTIFIER = com.arian.Landmarks;
				PRODUCT_NAME = "$(TARGET_NAME)";
				SWIFT_EMIT_LOC_STRINGS = YES;
				SWIFT_VERSION = 5.0;
				TARGETED_DEVICE_FAMILY = "1,2";
			};
			name = Debug;
		};
		D20012B62B294CA3008802EC /* Release */ = {
			isa = XCBuildConfiguration;
			buildSettings = {
				ASSETCATALOG_COMPILER_APPICON_NAME = AppIcon;
				ASSETCATALOG_COMPILER_GLOBAL_ACCENT_COLOR_NAME = AccentColor;
				CODE_SIGN_STYLE = Automatic;
				CURRENT_PROJECT_VERSION = 1;
				DEVELOPMENT_ASSET_PATHS = "\"Landmarks/Preview Content\"";
				DEVELOPMENT_TEAM = CMGV8D3FG3;
				ENABLE_PREVIEWS = YES;
				GENERATE_INFOPLIST_FILE = YES;
				INFOPLIST_KEY_UIApplicationSceneManifest_Generation = YES;
				INFOPLIST_KEY_UIApplicationSupportsIndirectInputEvents = YES;
				INFOPLIST_KEY_UILaunchScreen_Generation = YES;
				INFOPLIST_KEY_UISupportedInterfaceOrientations_iPad = "UIInterfaceOrientationPortrait UIInterfaceOrientationPortraitUpsideDown UIInterfaceOrientationLandscapeLeft UIInterfaceOrientationLandscapeRight";
				INFOPLIST_KEY_UISupportedInterfaceOrientations_iPhone = "UIInterfaceOrientationPortrait UIInterfaceOrientationLandscapeLeft UIInterfaceOrientationLandscapeRight";
				LD_RUNPATH_SEARCH_PATHS = (
					"$(inherited)",
					"@executable_path/Frameworks",
				);
				MARKETING_VERSION = 1.0;
				PRODUCT_BUNDLE_IDENTIFIER = com.arian.Landmarks;
				PRODUCT_NAME = "$(TARGET_NAME)";
				SWIFT_EMIT_LOC_STRINGS = YES;
				SWIFT_VERSION = 5.0;
				TARGETED_DEVICE_FAMILY = "1,2";
			};
			name = Release;
		};
/* End XCBuildConfiguration section */

/* Begin XCConfigurationList section */
		D20012A12B294CA2008802EC /* Build configuration list for PBXProject "Landmarks" */ = {
			isa = XCConfigurationList;
			buildConfigurations = (
				D20012B22B294CA3008802EC /* Debug */,
				D20012B32B294CA3008802EC /* Release */,
			);
			defaultConfigurationIsVisible = 0;
			defaultConfigurationName = Release;
		};
		D20012B42B294CA3008802EC /* Build configuration list for PBXNativeTarget "Landmarks" */ = {
			isa = XCConfigurationList;
			buildConfigurations = (
				D20012B52B294CA3008802EC /* Debug */,
				D20012B62B294CA3008802EC /* Release */,
			);
			defaultConfigurationIsVisible = 0;
			defaultConfigurationName = Release;
		};
/* End XCConfigurationList section */
	};
	rootObject = D200129E2B294CA2008802EC /* Project object */;
}
